
Microsoft Visual Studio Solution File, Format Version 12.00
# Visual Studio Version 16
VisualStudioVersion = 16.0.31019.35
MinimumVisualStudioVersion = 10.0.40219.1
Project("{F184B08F-C81C-45F6-A57F-5ABD9991F28F}") = "Math Contest", "Math Contest.vbproj", "{C541D29D-6910-4C9A-ABD8-35D00ED53611}"
EndProject
Global
	GlobalSection(SolutionConfigurationPlatforms) = preSolution
		Debug|Any CPU = Debug|Any CPU
		Release|Any CPU = Release|Any CPU
	EndGlobalSection
	GlobalSection(ProjectConfigurationPlatforms) = postSolution
		{C541D29D-6910-4C9A-ABD8-35D00ED53611}.Debug|Any CPU.ActiveCfg = Debug|Any CPU
		{C541D29D-6910-4C9A-ABD8-35D00ED53611}.Debug|Any CPU.Build.0 = Debug|Any CPU
		{C541D29D-6910-4C9A-ABD8-35D00ED53611}.Release|Any CPU.ActiveCfg = Release|Any CPU
		{C541D29D-6910-4C9A-ABD8-35D00ED53611}.Release|Any CPU.Build.0 = Release|Any CPU
	EndGlobalSection
	GlobalSection(SolutionProperties) = preSolution
		HideSolutionNode = FALSE
	EndGlobalSection
	GlobalSection(ExtensibilityGlobals) = postSolution
		SolutionGuid = {B02815AF-41C7-4935-A589-955E4AC6EF95}
	EndGlobalSection
EndGlobal
